# Generated by lock.py
ALLOY_IMAGE=ghcr.io/outernet-foundation/mirror/docker.io/grafana/alloy:v1.9.0@sha256:08b4fe15d159a1c3114a3939c4099ce8c2868ca0877a56f1d2efd48a9a601011
CADDY_IMAGE=ghcr.io/outernet-foundation/mirror/docker.io/library/caddy:2.8.4-alpine@sha256:af32e97399febea808609119bb21544d0265c58a02836576e32a2d082c262c17
LOKI_IMAGE=ghcr.io/outernet-foundation/mirror/docker.io/grafana/loki:3.5.0@sha256:4c28f6be7853785ca90273ce2a9f6ce0e7e4b55e2bfbdcf771a390c4a88da507
PYTHON_BASE_IMAGE=ghcr.io/outernet-foundation/mirror/docker.io/library/python:3.13-slim@sha256:dc1546eefcbe8caaa1f004f16ab76b204b5e1dbd58ff81b899f21cd40541232f
UV_BASE_IMAGE=ghcr.io/outernet-foundation/mirror/ghcr.io/astral-sh/uv:0.12.15-python3.13-trixie-slim@sha256:3ba6b26a3424b592f2dd630450caa526d107597e1cc38f8964a154d4123952b0
ZED_BASE_IMAGE=ghcr.io/outernet-foundation/mirror/docker.io/stereolabs/zed:5.2-runtime-jetson-jp6.1.0@sha256:6923135d1f27a31a60c4021a69a7162e8d9e60b1c5341a05806bac70eef658d3
ZED_DEVEL_IMAGE=ghcr.io/outernet-foundation/mirror/docker.io/stereolabs/zed:5.2-tools-devel-jetson-jp6.1.0@sha256:bb950068e17806909c7d2bf49cf8b93ad91dcdc6e6cfbebca511eb375d464f5f
