ZED_BASE_DIGEST=@sha256:6923135d1f27a31a60c4021a69a7162e8d9e60b1c5341a05806bac70eef658d3
CADDY_DIGEST=@sha256:af32e97399febea808609119bb21544d0265c58a02836576e32a2d082c262c17
UV_BASE_DIGEST=@sha256:3ba6b26a3424b592f2dd630450caa526d107597e1cc38f8964a154d4123952b0
PYTHON_BASE_DIGEST=@sha256:dc1546eefcbe8caaa1f004f16ab76b204b5e1dbd58ff81b899f21cd40541232f
LOKI_DIGEST=@sha256:4c431d2e6b9b38718694b31c5d56be7c80dc69c513215fde1aeb5b02cd4e2665
ALLOY_DIGEST=@sha256:32bc0ba6bad75ca24bdf4a6d2dd793a564dff06b6446927699c08d9f9c749c6e
